
Microsoft Visual Studio Solution File, Format Version 12.00
# Visual Studio 2013
VisualStudioVersion = 12.0.31101.0
MinimumVisualStudioVersion = 10.0.40219.1
Project("{FAE04EC0-301F-11D3-BF4B-00C04F79EFBC}") = "LogQueryVisualStudio", "LogQueryVisualStudio\LogQueryVisualStudio.csproj", "{068464FF-BDB2-468D-ACDC-864204A75FA1}"
EndProject
Project("{FAE04EC0-301F-11D3-BF4B-00C04F79EFBC}") = "LogQuery", "LogQuery\LogQuery.csproj", "{344B535C-591D-424B-9FA2-3212F753C423}"
EndProject
Global
	GlobalSection(SolutionConfigurationPlatforms) = preSolution
		Debug|Any CPU = Debug|Any CPU
		Release|Any CPU = Release|Any CPU
	EndGlobalSection
	GlobalSection(ProjectConfigurationPlatforms) = postSolution
		{068464FF-BDB2-468D-ACDC-864204A75FA1}.Debug|Any CPU.ActiveCfg = Debug|Any CPU
		{068464FF-BDB2-468D-ACDC-864204A75FA1}.Debug|Any CPU.Build.0 = Debug|Any CPU
		{068464FF-BDB2-468D-ACDC-864204A75FA1}.Release|Any CPU.ActiveCfg = Release|Any CPU
		{068464FF-BDB2-468D-ACDC-864204A75FA1}.Release|Any CPU.Build.0 = Release|Any CPU
		{344B535C-591D-424B-9FA2-3212F753C423}.Debug|Any CPU.ActiveCfg = Debug|Any CPU
		{344B535C-591D-424B-9FA2-3212F753C423}.Debug|Any CPU.Build.0 = Debug|Any CPU
		{344B535C-591D-424B-9FA2-3212F753C423}.Release|Any CPU.ActiveCfg = Release|Any CPU
		{344B535C-591D-424B-9FA2-3212F753C423}.Release|Any CPU.Build.0 = Release|Any CPU
	EndGlobalSection
	GlobalSection(SolutionProperties) = preSolution
		HideSolutionNode = FALSE
	EndGlobalSection
EndGlobal
